
Microsoft Visual Studio Solution File, Format Version 12.00
# Visual Studio 14
VisualStudioVersion = 14.0.22609.0
MinimumVisualStudioVersion = 10.0.40219.1
Project("{9A19103F-16F7-4668-BE54-9A1E7A4F7556}") = "BatchImageProcessor", "BatchImageProcessor\BatchImageProcessor.csproj", "{A57FEBB7-72BF-4794-AB8F-DB1A71989C0D}"
EndProject
Project("{9A19103F-16F7-4668-BE54-9A1E7A4F7556}") = "BatchImageProcessor.Model", "BatchImageProcessor.Model\BatchImageProcessor.Model.csproj", "{7165D238-5543-40FB-A74F-F792368BE597}"
EndProject
Project("{9A19103F-16F7-4668-BE54-9A1E7A4F7556}") = "BatchImageProcessor.CLI", "BatchImageProcessor.CLI\BatchImageProcessor.CLI.csproj", "{293511AC-5E5D-4182-833D-7E802796891C}"
EndProject
Global
	GlobalSection(SolutionConfigurationPlatforms) = preSolution
		Debug|Any CPU = Debug|Any CPU
		Release|Any CPU = Release|Any CPU
	EndGlobalSection
	GlobalSection(ProjectConfigurationPlatforms) = postSolution
		{A57FEBB7-72BF-4794-AB8F-DB1A71989C0D}.Debug|Any CPU.ActiveCfg = Debug|Any CPU
		{A57FEBB7-72BF-4794-AB8F-DB1A71989C0D}.Debug|Any CPU.Build.0 = Debug|Any CPU
		{A57FEBB7-72BF-4794-AB8F-DB1A71989C0D}.Release|Any CPU.ActiveCfg = Release|Any CPU
		{A57FEBB7-72BF-4794-AB8F-DB1A71989C0D}.Release|Any CPU.Build.0 = Release|Any CPU
		{7165D238-5543-40FB-A74F-F792368BE597}.Debug|Any CPU.ActiveCfg = Debug|Any CPU
		{7165D238-5543-40FB-A74F-F792368BE597}.Debug|Any CPU.Build.0 = Debug|Any CPU
		{7165D238-5543-40FB-A74F-F792368BE597}.Release|Any CPU.ActiveCfg = Release|Any CPU
		{7165D238-5543-40FB-A74F-F792368BE597}.Release|Any CPU.Build.0 = Release|Any CPU
		{293511AC-5E5D-4182-833D-7E802796891C}.Debug|Any CPU.ActiveCfg = Debug|Any CPU
		{293511AC-5E5D-4182-833D-7E802796891C}.Debug|Any CPU.Build.0 = Debug|Any CPU
		{293511AC-5E5D-4182-833D-7E802796891C}.Release|Any CPU.ActiveCfg = Release|Any CPU
		{293511AC-5E5D-4182-833D-7E802796891C}.Release|Any CPU.Build.0 = Release|Any CPU
	EndGlobalSection
	GlobalSection(SolutionProperties) = preSolution
		HideSolutionNode = FALSE
	EndGlobalSection
EndGlobal
